
Microsoft Visual Studio Solution File, Format Version 12.00
# Visual Studio Version 17
VisualStudioVersion = 17.0.31903.59
MinimumVisualStudioVersion = 10.0.40219.1
Project("{2150E333-8FDC-42A3-9474-1A3956D46DE8}") = "src", "src", "{827E0CD3-B72D-47B6-A68D-7590B98EB39B}"
EndProject
Project("{FAE04EC0-301F-11D3-BF4B-00C04F79EFBC}") = "SkyOS.Shared", "src\SkyOS.Shared\SkyOS.Shared.csproj", "{20069E5C-E48F-4317-A8DD-3CC66F6AA32F}"
EndProject
Project("{FAE04EC0-301F-11D3-BF4B-00C04F79EFBC}") = "SkyOS.Domain", "src\SkyOS.Domain\SkyOS.Domain.csproj", "{92E510F4-FE95-4EB5-9B35-4BD13ABE0785}"
EndProject
Project("{FAE04EC0-301F-11D3-BF4B-00C04F79EFBC}") = "SkyOS.Application", "src\SkyOS.Application\SkyOS.Application.csproj", "{2539C38C-7D73-47BC-88EF-CBA5B317A5C0}"
EndProject
Project("{FAE04EC0-301F-11D3-BF4B-00C04F79EFBC}") = "SkyOS.Infrastructure", "src\SkyOS.Infrastructure\SkyOS.Infrastructure.csproj", "{72A6F4B1-8210-4772-9350-3A7FA3DB73E0}"
EndProject
Project("{FAE04EC0-301F-11D3-BF4B-00C04F79EFBC}") = "SkyOS.Web", "src\SkyOS.Web\SkyOS.Web.csproj", "{D4D77907-2465-4243-BE80-F5B83D4C45D1}"
EndProject
Project("{FAE04EC0-301F-11D3-BF4B-00C04F79EFBC}") = "SkyOS.Application.Tests", "tests\SkyOS.Application.Tests\SkyOS.Application.Tests.csproj", "{6F8CAC77-41C4-4B9B-8DB6-D856124170E3}"
EndProject
Project("{FAE04EC0-301F-11D3-BF4B-00C04F79EFBC}") = "SkyOS.Infrastructure.Tests", "tests\SkyOS.Infrastructure.Tests\SkyOS.Infrastructure.Tests.csproj", "{92B1DCE7-9D8E-4163-A46A-3726AB845285}"
EndProject
Project("{FAE04EC0-301F-11D3-BF4B-00C04F79EFBC}") = "SkyOS.Backoffice", "src\SkyOS.Backoffice\SkyOS.Backoffice.csproj", "{B7C288C6-F5DA-4487-848C-425B138147C7}"
EndProject
Global
	GlobalSection(SolutionConfigurationPlatforms) = preSolution
		Debug|Any CPU = Debug|Any CPU
		Debug|x64 = Debug|x64
		Debug|x86 = Debug|x86
		Release|Any CPU = Release|Any CPU
		Release|x64 = Release|x64
		Release|x86 = Release|x86
	EndGlobalSection
	GlobalSection(ProjectConfigurationPlatforms) = postSolution
		{20069E5C-E48F-4317-A8DD-3CC66F6AA32F}.Debug|Any CPU.ActiveCfg = Debug|Any CPU
		{20069E5C-E48F-4317-A8DD-3CC66F6AA32F}.Debug|Any CPU.Build.0 = Debug|Any CPU
		{20069E5C-E48F-4317-A8DD-3CC66F6AA32F}.Debug|x64.ActiveCfg = Debug|Any CPU
		{20069E5C-E48F-4317-A8DD-3CC66F6AA32F}.Debug|x64.Build.0 = Debug|Any CPU
		{20069E5C-E48F-4317-A8DD-3CC66F6AA32F}.Debug|x86.ActiveCfg = Debug|Any CPU
		{20069E5C-E48F-4317-A8DD-3CC66F6AA32F}.Debug|x86.Build.0 = Debug|Any CPU
		{20069E5C-E48F-4317-A8DD-3CC66F6AA32F}.Release|Any CPU.ActiveCfg = Release|Any CPU
		{20069E5C-E48F-4317-A8DD-3CC66F6AA32F}.Release|Any CPU.Build.0 = Release|Any CPU
		{20069E5C-E48F-4317-A8DD-3CC66F6AA32F}.Release|x64.ActiveCfg = Release|Any CPU
		{20069E5C-E48F-4317-A8DD-3CC66F6AA32F}.Release|x64.Build.0 = Release|Any CPU
		{20069E5C-E48F-4317-A8DD-3CC66F6AA32F}.Release|x86.ActiveCfg = Release|Any CPU
		{20069E5C-E48F-4317-A8DD-3CC66F6AA32F}.Release|x86.Build.0 = Release|Any CPU
		{92E510F4-FE95-4EB5-9B35-4BD13ABE0785}.Debug|Any CPU.ActiveCfg = Debug|Any CPU
		{92E510F4-FE95-4EB5-9B35-4BD13ABE0785}.Debug|Any CPU.Build.0 = Debug|Any CPU
		{92E510F4-FE95-4EB5-9B35-4BD13ABE0785}.Debug|x64.ActiveCfg = Debug|Any CPU
		{92E510F4-FE95-4EB5-9B35-4BD13ABE0785}.Debug|x64.Build.0 = Debug|Any CPU
		{92E510F4-FE95-4EB5-9B35-4BD13ABE0785}.Debug|x86.ActiveCfg = Debug|Any CPU
		{92E510F4-FE95-4EB5-9B35-4BD13ABE0785}.Debug|x86.Build.0 = Debug|Any CPU
		{92E510F4-FE95-4EB5-9B35-4BD13ABE0785}.Release|Any CPU.ActiveCfg = Release|Any CPU
		{92E510F4-FE95-4EB5-9B35-4BD13ABE0785}.Release|Any CPU.Build.0 = Release|Any CPU
		{92E510F4-FE95-4EB5-9B35-4BD13ABE0785}.Release|x64.ActiveCfg = Release|Any CPU
		{92E510F4-FE95-4EB5-9B35-4BD13ABE0785}.Release|x64.Build.0 = Release|Any CPU
		{92E510F4-FE95-4EB5-9B35-4BD13ABE0785}.Release|x86.ActiveCfg = Release|Any CPU
		{92E510F4-FE95-4EB5-9B35-4BD13ABE0785}.Release|x86.Build.0 = Release|Any CPU
		{2539C38C-7D73-47BC-88EF-CBA5B317A5C0}.Debug|Any CPU.ActiveCfg = Debug|Any CPU
		{2539C38C-7D73-47BC-88EF-CBA5B317A5C0}.Debug|Any CPU.Build.0 = Debug|Any CPU
		{2539C38C-7D73-47BC-88EF-CBA5B317A5C0}.Debug|x64.ActiveCfg = Debug|Any CPU
		{2539C38C-7D73-47BC-88EF-CBA5B317A5C0}.Debug|x64.Build.0 = Debug|Any CPU
		{2539C38C-7D73-47BC-88EF-CBA5B317A5C0}.Debug|x86.ActiveCfg = Debug|Any CPU
		{2539C38C-7D73-47BC-88EF-CBA5B317A5C0}.Debug|x86.Build.0 = Debug|Any CPU
		{2539C38C-7D73-47BC-88EF-CBA5B317A5C0}.Release|Any CPU.ActiveCfg = Release|Any CPU
		{2539C38C-7D73-47BC-88EF-CBA5B317A5C0}.Release|Any CPU.Build.0 = Release|Any CPU
		{2539C38C-7D73-47BC-88EF-CBA5B317A5C0}.Release|x64.ActiveCfg = Release|Any CPU
		{2539C38C-7D73-47BC-88EF-CBA5B317A5C0}.Release|x64.Build.0 = Release|Any CPU
		{2539C38C-7D73-47BC-88EF-CBA5B317A5C0}.Release|x86.ActiveCfg = Release|Any CPU
		{2539C38C-7D73-47BC-88EF-CBA5B317A5C0}.Release|x86.Build.0 = Release|Any CPU
		{72A6F4B1-8210-4772-9350-3A7FA3DB73E0}.Debug|Any CPU.ActiveCfg = Debug|Any CPU
		{72A6F4B1-8210-4772-9350-3A7FA3DB73E0}.Debug|Any CPU.Build.0 = Debug|Any CPU
		{72A6F4B1-8210-4772-9350-3A7FA3DB73E0}.Debug|x64.ActiveCfg = Debug|Any CPU
		{72A6F4B1-8210-4772-9350-3A7FA3DB73E0}.Debug|x64.Build.0 = Debug|Any CPU
		{72A6F4B1-8210-4772-9350-3A7FA3DB73E0}.Debug|x86.ActiveCfg = Debug|Any CPU
		{72A6F4B1-8210-4772-9350-3A7FA3DB73E0}.Debug|x86.Build.0 = Debug|Any CPU
		{72A6F4B1-8210-4772-9350-3A7FA3DB73E0}.Release|Any CPU.ActiveCfg = Release|Any CPU
		{72A6F4B1-8210-4772-9350-3A7FA3DB73E0}.Release|Any CPU.Build.0 = Release|Any CPU
		{72A6F4B1-8210-4772-9350-3A7FA3DB73E0}.Release|x64.ActiveCfg = Release|Any CPU
		{72A6F4B1-8210-4772-9350-3A7FA3DB73E0}.Release|x64.Build.0 = Release|Any CPU
		{72A6F4B1-8210-4772-9350-3A7FA3DB73E0}.Release|x86.ActiveCfg = Release|Any CPU
		{72A6F4B1-8210-4772-9350-3A7FA3DB73E0}.Release|x86.Build.0 = Release|Any CPU
		{D4D77907-2465-4243-BE80-F5B83D4C45D1}.Debug|Any CPU.ActiveCfg = Debug|Any CPU
		{D4D77907-2465-4243-BE80-F5B83D4C45D1}.Debug|Any CPU.Build.0 = Debug|Any CPU
		{D4D77907-2465-4243-BE80-F5B83D4C45D1}.Debug|x64.ActiveCfg = Debug|Any CPU
		{D4D77907-2465-4243-BE80-F5B83D4C45D1}.Debug|x64.Build.0 = Debug|Any CPU
		{D4D77907-2465-4243-BE80-F5B83D4C45D1}.Debug|x86.ActiveCfg = Debug|Any CPU
		{D4D77907-2465-4243-BE80-F5B83D4C45D1}.Debug|x86.Build.0 = Debug|Any CPU
		{D4D77907-2465-4243-BE80-F5B83D4C45D1}.Release|Any CPU.ActiveCfg = Release|Any CPU
		{D4D77907-2465-4243-BE80-F5B83D4C45D1}.Release|Any CPU.Build.0 = Release|Any CPU
		{D4D77907-2465-4243-BE80-F5B83D4C45D1}.Release|x64.ActiveCfg = Release|Any CPU
		{D4D77907-2465-4243-BE80-F5B83D4C45D1}.Release|x64.Build.0 = Release|Any CPU
		{D4D77907-2465-4243-BE80-F5B83D4C45D1}.Release|x86.ActiveCfg = Release|Any CPU
		{D4D77907-2465-4243-BE80-F5B83D4C45D1}.Release|x86.Build.0 = Release|Any CPU
		{6F8CAC77-41C4-4B9B-8DB6-D856124170E3}.Debug|Any CPU.ActiveCfg = Debug|Any CPU
		{6F8CAC77-41C4-4B9B-8DB6-D856124170E3}.Debug|Any CPU.Build.0 = Debug|Any CPU
		{6F8CAC77-41C4-4B9B-8DB6-D856124170E3}.Debug|x64.ActiveCfg = Debug|Any CPU
		{6F8CAC77-41C4-4B9B-8DB6-D856124170E3}.Debug|x64.Build.0 = Debug|Any CPU
		{6F8CAC77-41C4-4B9B-8DB6-D856124170E3}.Debug|x86.ActiveCfg = Debug|Any CPU
		{6F8CAC77-41C4-4B9B-8DB6-D856124170E3}.Debug|x86.Build.0 = Debug|Any CPU
		{6F8CAC77-41C4-4B9B-8DB6-D856124170E3}.Release|Any CPU.ActiveCfg = Release|Any CPU
		{6F8CAC77-41C4-4B9B-8DB6-D856124170E3}.Release|Any CPU.Build.0 = Release|Any CPU
		{6F8CAC77-41C4-4B9B-8DB6-D856124170E3}.Release|x64.ActiveCfg = Release|Any CPU
		{6F8CAC77-41C4-4B9B-8DB6-D856124170E3}.Release|x64.Build.0 = Release|Any CPU
		{6F8CAC77-41C4-4B9B-8DB6-D856124170E3}.Release|x86.ActiveCfg = Release|Any CPU
		{6F8CAC77-41C4-4B9B-8DB6-D856124170E3}.Release|x86.Build.0 = Release|Any CPU
		{92B1DCE7-9D8E-4163-A46A-3726AB845285}.Debug|Any CPU.ActiveCfg = Debug|Any CPU
		{92B1DCE7-9D8E-4163-A46A-3726AB845285}.Debug|Any CPU.Build.0 = Debug|Any CPU
		{92B1DCE7-9D8E-4163-A46A-3726AB845285}.Debug|x64.ActiveCfg = Debug|Any CPU
		{92B1DCE7-9D8E-4163-A46A-3726AB845285}.Debug|x64.Build.0 = Debug|Any CPU
		{92B1DCE7-9D8E-4163-A46A-3726AB845285}.Debug|x86.ActiveCfg = Debug|Any CPU
		{92B1DCE7-9D8E-4163-A46A-3726AB845285}.Debug|x86.Build.0 = Debug|Any CPU
		{92B1DCE7-9D8E-4163-A46A-3726AB845285}.Release|Any CPU.ActiveCfg = Release|Any CPU
		{92B1DCE7-9D8E-4163-A46A-3726AB845285}.Release|Any CPU.Build.0 = Release|Any CPU
		{92B1DCE7-9D8E-4163-A46A-3726AB845285}.Release|x64.ActiveCfg = Release|Any CPU
		{92B1DCE7-9D8E-4163-A46A-3726AB845285}.Release|x64.Build.0 = Release|Any CPU
		{92B1DCE7-9D8E-4163-A46A-3726AB845285}.Release|x86.ActiveCfg = Release|Any CPU
		{92B1DCE7-9D8E-4163-A46A-3726AB845285}.Release|x86.Build.0 = Release|Any CPU
		{B7C288C6-F5DA-4487-848C-425B138147C7}.Debug|Any CPU.ActiveCfg = Debug|Any CPU
		{B7C288C6-F5DA-4487-848C-425B138147C7}.Debug|Any CPU.Build.0 = Debug|Any CPU
		{B7C288C6-F5DA-4487-848C-425B138147C7}.Debug|x64.ActiveCfg = Debug|Any CPU
		{B7C288C6-F5DA-4487-848C-425B138147C7}.Debug|x64.Build.0 = Debug|Any CPU
		{B7C288C6-F5DA-4487-848C-425B138147C7}.Debug|x86.ActiveCfg = Debug|Any CPU
		{B7C288C6-F5DA-4487-848C-425B138147C7}.Debug|x86.Build.0 = Debug|Any CPU
		{B7C288C6-F5DA-4487-848C-425B138147C7}.Release|Any CPU.ActiveCfg = Release|Any CPU
		{B7C288C6-F5DA-4487-848C-425B138147C7}.Release|Any CPU.Build.0 = Release|Any CPU
		{B7C288C6-F5DA-4487-848C-425B138147C7}.Release|x64.ActiveCfg = Release|Any CPU
		{B7C288C6-F5DA-4487-848C-425B138147C7}.Release|x64.Build.0 = Release|Any CPU
		{B7C288C6-F5DA-4487-848C-425B138147C7}.Release|x86.ActiveCfg = Release|Any CPU
		{B7C288C6-F5DA-4487-848C-425B138147C7}.Release|x86.Build.0 = Release|Any CPU
	EndGlobalSection
	GlobalSection(SolutionProperties) = preSolution
		HideSolutionNode = FALSE
	EndGlobalSection
	GlobalSection(NestedProjects) = preSolution
		{20069E5C-E48F-4317-A8DD-3CC66F6AA32F} = {827E0CD3-B72D-47B6-A68D-7590B98EB39B}
		{92E510F4-FE95-4EB5-9B35-4BD13ABE0785} = {827E0CD3-B72D-47B6-A68D-7590B98EB39B}
		{2539C38C-7D73-47BC-88EF-CBA5B317A5C0} = {827E0CD3-B72D-47B6-A68D-7590B98EB39B}
		{72A6F4B1-8210-4772-9350-3A7FA3DB73E0} = {827E0CD3-B72D-47B6-A68D-7590B98EB39B}
		{D4D77907-2465-4243-BE80-F5B83D4C45D1} = {827E0CD3-B72D-47B6-A68D-7590B98EB39B}
		{6F8CAC77-41C4-4B9B-8DB6-D856124170E3} = {827E0CD3-B72D-47B6-A68D-7590B98EB39B}
		{92B1DCE7-9D8E-4163-A46A-3726AB845285} = {827E0CD3-B72D-47B6-A68D-7590B98EB39B}
		{B7C288C6-F5DA-4487-848C-425B138147C7} = {827E0CD3-B72D-47B6-A68D-7590B98EB39B}
	EndGlobalSection
EndGlobal
